
Microsoft Visual Studio Solution File, Format Version 12.00
# Visual Studio 15
VisualStudioVersion = 15.0.27130.0
MinimumVisualStudioVersion = 10.0.40219.1
Project("{FAE04EC0-301F-11D3-BF4B-00C04F79EFBC}") = "DAL", "DAL\DAL.csproj", "{B23E324E-395A-447F-A756-04D33D62C49C}"
EndProject
Project("{FAE04EC0-301F-11D3-BF4B-00C04F79EFBC}") = "BOL", "BOL\BOL.csproj", "{79561C8E-B365-469D-AA0E-F4C81DEF017B}"
EndProject
Project("{FAE04EC0-301F-11D3-BF4B-00C04F79EFBC}") = "BLL", "BLL\BLL.csproj", "{5C27C98F-9095-42CC-9464-5DCAE60560FA}"
EndProject
Project("{FAE04EC0-301F-11D3-BF4B-00C04F79EFBC}") = "UIL", "UIL\UIL.csproj", "{CDEFD2AC-D623-475B-AB47-80E8EFF27A08}"
EndProject
Global
	GlobalSection(SolutionConfigurationPlatforms) = preSolution
		Debug|Any CPU = Debug|Any CPU
		Release|Any CPU = Release|Any CPU
	EndGlobalSection
	GlobalSection(ProjectConfigurationPlatforms) = postSolution
		{B23E324E-395A-447F-A756-04D33D62C49C}.Debug|Any CPU.ActiveCfg = Debug|Any CPU
		{B23E324E-395A-447F-A756-04D33D62C49C}.Debug|Any CPU.Build.0 = Debug|Any CPU
		{B23E324E-395A-447F-A756-04D33D62C49C}.Release|Any CPU.ActiveCfg = Release|Any CPU
		{B23E324E-395A-447F-A756-04D33D62C49C}.Release|Any CPU.Build.0 = Release|Any CPU
		{79561C8E-B365-469D-AA0E-F4C81DEF017B}.Debug|Any CPU.ActiveCfg = Debug|Any CPU
		{79561C8E-B365-469D-AA0E-F4C81DEF017B}.Debug|Any CPU.Build.0 = Debug|Any CPU
		{79561C8E-B365-469D-AA0E-F4C81DEF017B}.Release|Any CPU.ActiveCfg = Release|Any CPU
		{79561C8E-B365-469D-AA0E-F4C81DEF017B}.Release|Any CPU.Build.0 = Release|Any CPU
		{5C27C98F-9095-42CC-9464-5DCAE60560FA}.Debug|Any CPU.ActiveCfg = Debug|Any CPU
		{5C27C98F-9095-42CC-9464-5DCAE60560FA}.Debug|Any CPU.Build.0 = Debug|Any CPU
		{5C27C98F-9095-42CC-9464-5DCAE60560FA}.Release|Any CPU.ActiveCfg = Release|Any CPU
		{5C27C98F-9095-42CC-9464-5DCAE60560FA}.Release|Any CPU.Build.0 = Release|Any CPU
		{CDEFD2AC-D623-475B-AB47-80E8EFF27A08}.Debug|Any CPU.ActiveCfg = Debug|Any CPU
		{CDEFD2AC-D623-475B-AB47-80E8EFF27A08}.Debug|Any CPU.Build.0 = Debug|Any CPU
		{CDEFD2AC-D623-475B-AB47-80E8EFF27A08}.Release|Any CPU.ActiveCfg = Release|Any CPU
		{CDEFD2AC-D623-475B-AB47-80E8EFF27A08}.Release|Any CPU.Build.0 = Release|Any CPU
	EndGlobalSection
	GlobalSection(SolutionProperties) = preSolution
		HideSolutionNode = FALSE
	EndGlobalSection
	GlobalSection(ExtensibilityGlobals) = postSolution
		SolutionGuid = {7E7198FB-13B6-43DB-98FF-C635C306A6B6}
	EndGlobalSection
EndGlobal
